{
    "_meta": {
        "hash": {
            "sha256": "855df77ad877e013256b58d1c3ad70d816a11487adb13dfc8f9bc9477a105cc3"
        },
        "pipfile-spec": 6,
        "requires": {
            "python_version": "3.9"
        },
        "sources": [
            {
                "name": "pip_conf_index_global",
                "url": "https://pypi.tuna.tsinghua.edu.cn/simple",
                "verify_ssl": false
            }
        ]
    },
    "default": {},
    "develop": {}
}
